
Microsoft Visual Studio Solution File, Format Version 12.00
# Visual Studio Version 17
VisualStudioVersion = 17.11.35222.181
MinimumVisualStudioVersion = 10.0.40219.1
Project("{FAE04EC0-301F-11D3-BF4B-00C04F79EFBC}") = "UTS PBO", "UTS PBO.csproj", "{05D5F837-65DF-4842-B672-6E79FC38C6DF}"
EndProject
Global
	GlobalSection(SolutionConfigurationPlatforms) = preSolution
		Debug|Any CPU = Debug|Any CPU
		Release|Any CPU = Release|Any CPU
	EndGlobalSection
	GlobalSection(ProjectConfigurationPlatforms) = postSolution
		{05D5F837-65DF-4842-B672-6E79FC38C6DF}.Debug|Any CPU.ActiveCfg = Debug|Any CPU
		{05D5F837-65DF-4842-B672-6E79FC38C6DF}.Debug|Any CPU.Build.0 = Debug|Any CPU
		{05D5F837-65DF-4842-B672-6E79FC38C6DF}.Release|Any CPU.ActiveCfg = Release|Any CPU
		{05D5F837-65DF-4842-B672-6E79FC38C6DF}.Release|Any CPU.Build.0 = Release|Any CPU
	EndGlobalSection
	GlobalSection(SolutionProperties) = preSolution
		HideSolutionNode = FALSE
	EndGlobalSection
	GlobalSection(ExtensibilityGlobals) = postSolution
		SolutionGuid = {62547302-227D-4D0E-8C57-4FE44C93795F}
	EndGlobalSection
EndGlobal
